// !$*UTF8*$!
{
	archiveVersion = 1;
	classes = {
	};
	objectVersion = 46;
	objects = {

/* Begin PBXBuildFile section */
		43E6BD411A18EB1D003096BE /* AppDelegate.swift in Sources */ = {isa = PBXBuildFile; fileRef = 43E6BD401A18EB1D003096BE /* AppDelegate.swift */; };
		43E6BD461A18EB1D003096BE /* Main.storyboard in Resources */ = {isa = PBXBuildFile; fileRef = 43E6BD441A18EB1D003096BE /* Main.storyboard */; };
		43E6BD481A18EB1D003096BE /* Images.xcassets in Resources */ = {isa = PBXBuildFile; fileRef = 43E6BD471A18EB1D003096BE /* Images.xcassets */; };
		43E6BD4B1A18EB1D003096BE /* LaunchScreen.xib in Resources */ = {isa = PBXBuildFile; fileRef = 43E6BD491A18EB1D003096BE /* LaunchScreen.xib */; };
		43E6BD571A18EB1D003096BE /* AppleWatchMenuTests.swift in Sources */ = {isa = PBXBuildFile; fileRef = 43E6BD561A18EB1D003096BE /* AppleWatchMenuTests.swift */; };
		43E6BD671A18EC21003096BE /* ViewController.swift in Sources */ = {isa = PBXBuildFile; fileRef = 43E6BD661A18EC21003096BE /* ViewController.swift */; };
		43FA3C291A1A43E500F0A98A /* MenuCollectionView.swift in Sources */ = {isa = PBXBuildFile; fileRef = 43FA3C271A1A43E500F0A98A /* MenuCollectionView.swift */; };
		43FA3C2A1A1A43E500F0A98A /* MenuLayout.swift in Sources */ = {isa = PBXBuildFile; fileRef = 43FA3C281A1A43E500F0A98A /* MenuLayout.swift */; };
		43FA3C2C1A1A442C00F0A98A /* MenuCell.swift in Sources */ = {isa = PBXBuildFile; fileRef = 43FA3C2B1A1A442C00F0A98A /* MenuCell.swift */; };
/* End PBXBuildFile section */

/* Begin PBXContainerItemProxy section */
		43E6BD511A18EB1D003096BE /* PBXContainerItemProxy */ = {
			isa = PBXContainerItemProxy;
			containerPortal = 43E6BD331A18EB1D003096BE /* Project object */;
			proxyType = 1;
			remoteGlobalIDString = 43E6BD3A1A18EB1D003096BE;
			remoteInfo = AppleWatchMenu;
		};
/* End PBXContainerItemProxy section */

/* Begin PBXFileReference section */
		43E6BD3B1A18EB1D003096BE /* AppleWatchMenu.app */ = {isa = PBXFileReference; explicitFileType = wrapper.application; includeInIndex = 0; path = AppleWatchMenu.app; sourceTree = BUILT_PRODUCTS_DIR; };
		43E6BD3F1A18EB1D003096BE /* Info.plist */ = {isa = PBXFileReference; lastKnownFileType = text.plist.xml; path = Info.plist; sourceTree = "<group>"; };
		43E6BD401A18EB1D003096BE /* AppDelegate.swift */ = {isa = PBXFileReference; lastKnownFileType = sourcecode.swift; path = AppDelegate.swift; sourceTree = "<group>"; };
		43E6BD451A18EB1D003096BE /* Base */ = {isa = PBXFileReference; lastKnownFileType = file.storyboard; name = Base; path = Base.lproj/Main.storyboard; sourceTree = "<group>"; };
		43E6BD471A18EB1D003096BE /* Images.xcassets */ = {isa = PBXFileReference; lastKnownFileType = folder.assetcatalog; path = Images.xcassets; sourceTree = "<group>"; };
		43E6BD4A1A18EB1D003096BE /* Base */ = {isa = PBXFileReference; lastKnownFileType = file.xib; name = Base; path = Base.lproj/LaunchScreen.xib; sourceTree = "<group>"; };
		43E6BD501A18EB1D003096BE /* AppleWatchMenuTests.xctest */ = {isa = PBXFileReference; explicitFileType = wrapper.cfbundle; includeInIndex = 0; path = AppleWatchMenuTests.xctest; sourceTree = BUILT_PRODUCTS_DIR; };
		43E6BD551A18EB1D003096BE /* Info.plist */ = {isa = PBXFileReference; lastKnownFileType = text.plist.xml; path = Info.plist; sourceTree = "<group>"; };
		43E6BD561A18EB1D003096BE /* AppleWatchMenuTests.swift */ = {isa = PBXFileReference; lastKnownFileType = sourcecode.swift; path = AppleWatchMenuTests.swift; sourceTree = "<group>"; };
		43E6BD661A18EC21003096BE /* ViewController.swift */ = {isa = PBXFileReference; fileEncoding = 4; lastKnownFileType = sourcecode.swift; path = ViewController.swift; sourceTree = "<group>"; };
		43FA3C271A1A43E500F0A98A /* MenuCollectionView.swift */ = {isa = PBXFileReference; fileEncoding = 4; lastKnownFileType = sourcecode.swift; path = MenuCollectionView.swift; sourceTree = "<group>"; };
		43FA3C281A1A43E500F0A98A /* MenuLayout.swift */ = {isa = PBXFileReference; fileEncoding = 4; lastKnownFileType = sourcecode.swift; path = MenuLayout.swift; sourceTree = "<group>"; };
		43FA3C2B1A1A442C00F0A98A /* MenuCell.swift */ = {isa = PBXFileReference; fileEncoding = 4; lastKnownFileType = sourcecode.swift; path = MenuCell.swift; sourceTree = "<group>"; };
		43FA3C2D1A1A653D00F0A98A /* MyPlayground.playground */ = {isa = PBXFileReference; lastKnownFileType = file.playground; path = MyPlayground.playground; sourceTree = "<group>"; };
/* End PBXFileReference section */

/* Begin PBXFrameworksBuildPhase section */
		43E6BD381A18EB1D003096BE /* Frameworks */ = {
			isa = PBXFrameworksBuildPhase;
			buildActionMask = 2147483647;
			files = (
			);
			runOnlyForDeploymentPostprocessing = 0;
		};
		43E6BD4D1A18EB1D003096BE /* Frameworks */ = {
			isa = PBXFrameworksBuildPhase;
			buildActionMask = 2147483647;
			files = (
			);
			runOnlyForDeploymentPostprocessing = 0;
		};
/* End PBXFrameworksBuildPhase section */

/* Begin PBXGroup section */
		43E6BD321A18EB1D003096BE = {
			isa = PBXGroup;
			children = (
				43E6BD3D1A18EB1D003096BE /* AppleWatchMenu */,
				43E6BD531A18EB1D003096BE /* AppleWatchMenuTests */,
				43E6BD3C1A18EB1D003096BE /* Products */,
			);
			sourceTree = "<group>";
		};
		43E6BD3C1A18EB1D003096BE /* Products */ = {
			isa = PBXGroup;
			children = (
				43E6BD3B1A18EB1D003096BE /* AppleWatchMenu.app */,
				43E6BD501A18EB1D003096BE /* AppleWatchMenuTests.xctest */,
			);
			name = Products;
			sourceTree = "<group>";
		};
		43E6BD3D1A18EB1D003096BE /* AppleWatchMenu */ = {
			isa = PBXGroup;
			children = (
				43E6BD401A18EB1D003096BE /* AppDelegate.swift */,
				43E6BD661A18EC21003096BE /* ViewController.swift */,
				43FA3C261A1A43E500F0A98A /* Menu */,
				43E6BD441A18EB1D003096BE /* Main.storyboard */,
				43E6BD471A18EB1D003096BE /* Images.xcassets */,
				43E6BD491A18EB1D003096BE /* LaunchScreen.xib */,
				43E6BD3E1A18EB1D003096BE /* Supporting Files */,
				43FA3C2D1A1A653D00F0A98A /* MyPlayground.playground */,
			);
			path = AppleWatchMenu;
			sourceTree = "<group>";
		};
		43E6BD3E1A18EB1D003096BE /* Supporting Files */ = {
			isa = PBXGroup;
			children = (
				43E6BD3F1A18EB1D003096BE /* Info.plist */,
			);
			name = "Supporting Files";
			sourceTree = "<group>";
		};
		43E6BD531A18EB1D003096BE /* AppleWatchMenuTests */ = {
			isa = PBXGroup;
			children = (
				43E6BD561A18EB1D003096BE /* AppleWatchMenuTests.swift */,
				43E6BD541A18EB1D003096BE /* Supporting Files */,
			);
			path = AppleWatchMenuTests;
			sourceTree = "<group>";
		};
		43E6BD541A18EB1D003096BE /* Supporting Files */ = {
			isa = PBXGroup;
			children = (
				43E6BD551A18EB1D003096BE /* Info.plist */,
			);
			name = "Supporting Files";
			sourceTree = "<group>";
		};
		43FA3C261A1A43E500F0A98A /* Menu */ = {
			isa = PBXGroup;
			children = (
				43FA3C271A1A43E500F0A98A /* MenuCollectionView.swift */,
				43FA3C281A1A43E500F0A98A /* MenuLayout.swift */,
				43FA3C2B1A1A442C00F0A98A /* MenuCell.swift */,
			);
			path = Menu;
			sourceTree = "<group>";
		};
/* End PBXGroup section */

/* Begin PBXNativeTarget section */
		43E6BD3A1A18EB1D003096BE /* AppleWatchMenu */ = {
			isa = PBXNativeTarget;
			buildConfigurationList = 43E6BD5A1A18EB1D003096BE /* Build configuration list for PBXNativeTarget "AppleWatchMenu" */;
			buildPhases = (
				43E6BD371A18EB1D003096BE /* Sources */,
				43E6BD381A18EB1D003096BE /* Frameworks */,
				43E6BD391A18EB1D003096BE /* Resources */,
			);
			buildRules = (
			);
			dependencies = (
			);
			name = AppleWatchMenu;
			productName = AppleWatchMenu;
			productReference = 43E6BD3B1A18EB1D003096BE /* AppleWatchMenu.app */;
			productType = "com.apple.product-type.application";
		};
		43E6BD4F1A18EB1D003096BE /* AppleWatchMenuTests */ = {
			isa = PBXNativeTarget;
			buildConfigurationList = 43E6BD5D1A18EB1D003096BE /* Build configuration list for PBXNativeTarget "AppleWatchMenuTests" */;
			buildPhases = (
				43E6BD4C1A18EB1D003096BE /* Sources */,
				43E6BD4D1A18EB1D003096BE /* Frameworks */,
				43E6BD4E1A18EB1D003096BE /* Resources */,
			);
			buildRules = (
			);
			dependencies = (
				43E6BD521A18EB1D003096BE /* PBXTargetDependency */,
			);
			name = AppleWatchMenuTests;
			productName = AppleWatchMenuTests;
			productReference = 43E6BD501A18EB1D003096BE /* AppleWatchMenuTests.xctest */;
			productType = "com.apple.product-type.bundle.unit-test";
		};
/* End PBXNativeTarget section */

/* Begin PBXProject section */
		43E6BD331A18EB1D003096BE /* Project object */ = {
			isa = PBXProject;
			attributes = {
				LastUpgradeCheck = 0610;
				ORGANIZATIONNAME = "Patryk Adamkiewicz";
				TargetAttributes = {
					43E6BD3A1A18EB1D003096BE = {
						CreatedOnToolsVersion = 6.1;
					};
					43E6BD4F1A18EB1D003096BE = {
						CreatedOnToolsVersion = 6.1;
						TestTargetID = 43E6BD3A1A18EB1D003096BE;
					};
				};
			};
			buildConfigurationList = 43E6BD361A18EB1D003096BE /* Build configuration list for PBXProject "AppleWatchMenu" */;
			compatibilityVersion = "Xcode 3.2";
			developmentRegion = English;
			hasScannedForEncodings = 0;
			knownRegions = (
				en,
				Base,
			);
			mainGroup = 43E6BD321A18EB1D003096BE;
			productRefGroup = 43E6BD3C1A18EB1D003096BE /* Products */;
			projectDirPath = "";
			projectRoot = "";
			targets = (
				43E6BD3A1A18EB1D003096BE /* AppleWatchMenu */,
				43E6BD4F1A18EB1D003096BE /* AppleWatchMenuTests */,
			);
		};
/* End PBXProject section */

/* Begin PBXResourcesBuildPhase section */
		43E6BD391A18EB1D003096BE /* Resources */ = {
			isa = PBXResourcesBuildPhase;
			buildActionMask = 2147483647;
			files = (
				43E6BD461A18EB1D003096BE /* Main.storyboard in Resources */,
				43E6BD4B1A18EB1D003096BE /* LaunchScreen.xib in Resources */,
				43E6BD481A18EB1D003096BE /* Images.xcassets in Resources */,
			);
			runOnlyForDeploymentPostprocessing = 0;
		};
		43E6BD4E1A18EB1D003096BE /* Resources */ = {
			isa = PBXResourcesBuildPhase;
			buildActionMask = 2147483647;
			files = (
			);
			runOnlyForDeploymentPostprocessing = 0;
		};
/* End PBXResourcesBuildPhase section */

/* Begin PBXSourcesBuildPhase section */
		43E6BD371A18EB1D003096BE /* Sources */ = {
			isa = PBXSourcesBuildPhase;
			buildActionMask = 2147483647;
			files = (
				43E6BD411A18EB1D003096BE /* AppDelegate.swift in Sources */,
				43FA3C2C1A1A442C00F0A98A /* MenuCell.swift in Sources */,
				43FA3C291A1A43E500F0A98A /* MenuCollectionView.swift in Sources */,
				43E6BD671A18EC21003096BE /* ViewController.swift in Sources */,
				43FA3C2A1A1A43E500F0A98A /* MenuLayout.swift in Sources */,
			);
			runOnlyForDeploymentPostprocessing = 0;
		};
		43E6BD4C1A18EB1D003096BE /* Sources */ = {
			isa = PBXSourcesBuildPhase;
			buildActionMask = 2147483647;
			files = (
				43E6BD571A18EB1D003096BE /* AppleWatchMenuTests.swift in Sources */,
			);
			runOnlyForDeploymentPostprocessing = 0;
		};
/* End PBXSourcesBuildPhase section */

/* Begin PBXTargetDependency section */
		43E6BD521A18EB1D003096BE /* PBXTargetDependency */ = {
			isa = PBXTargetDependency;
			target = 43E6BD3A1A18EB1D003096BE /* AppleWatchMenu */;
			targetProxy = 43E6BD511A18EB1D003096BE /* PBXContainerItemProxy */;
		};
/* End PBXTargetDependency section */

/* Begin PBXVariantGroup section */
		43E6BD441A18EB1D003096BE /* Main.storyboard */ = {
			isa = PBXVariantGroup;
			children = (
				43E6BD451A18EB1D003096BE /* Base */,
			);
			name = Main.storyboard;
			sourceTree = "<group>";
		};
		43E6BD491A18EB1D003096BE /* LaunchScreen.xib */ = {
			isa = PBXVariantGroup;
			children = (
				43E6BD4A1A18EB1D003096BE /* Base */,
			);
			name = LaunchScreen.xib;
			sourceTree = "<group>";
		};
/* End PBXVariantGroup section */

/* Begin XCBuildConfiguration section */
		43E6BD581A18EB1D003096BE /* Debug */ = {
			isa = XCBuildConfiguration;
			buildSettings = {
				ALWAYS_SEARCH_USER_PATHS = NO;
				CLANG_CXX_LANGUAGE_STANDARD = "gnu++0x";
				CLANG_CXX_LIBRARY = "libc++";
				CLANG_ENABLE_MODULES = YES;
				CLANG_ENABLE_OBJC_ARC = YES;
				CLANG_WARN_BOOL_CONVERSION = YES;
				CLANG_WARN_CONSTANT_CONVERSION = YES;
				CLANG_WARN_DIRECT_OBJC_ISA_USAGE = YES_ERROR;
				CLANG_WARN_EMPTY_BODY = YES;
				CLANG_WARN_ENUM_CONVERSION = YES;
				CLANG_WARN_INT_CONVERSION = YES;
				CLANG_WARN_OBJC_ROOT_CLASS = YES_ERROR;
				CLANG_WARN_UNREACHABLE_CODE = YES;
				CLANG_WARN__DUPLICATE_METHOD_MATCH = YES;
				"CODE_SIGN_IDENTITY[sdk=iphoneos*]" = "iPhone Developer";
				COPY_PHASE_STRIP = NO;
				ENABLE_STRICT_OBJC_MSGSEND = YES;
				GCC_C_LANGUAGE_STANDARD = gnu99;
				GCC_DYNAMIC_NO_PIC = NO;
				GCC_OPTIMIZATION_LEVEL = 0;
				GCC_PREPROCESSOR_DEFINITIONS = (
					"DEBUG=1",
					"$(inherited)",
				);
				GCC_SYMBOLS_PRIVATE_EXTERN = NO;
				GCC_WARN_64_TO_32_BIT_CONVERSION = YES;
				GCC_WARN_ABOUT_RETURN_TYPE = YES_ERROR;
				GCC_WARN_UNDECLARED_SELECTOR = YES;
				GCC_WARN_UNINITIALIZED_AUTOS = YES_AGGRESSIVE;
				GCC_WARN_UNUSED_FUNCTION = YES;
				GCC_WARN_UNUSED_VARIABLE = YES;
				IPHONEOS_DEPLOYMENT_TARGET = 8.1;
				MTL_ENABLE_DEBUG_INFO = YES;
				ONLY_ACTIVE_ARCH = YES;
				SDKROOT = iphoneos;
				SWIFT_OPTIMIZATION_LEVEL = "-Onone";
				TARGETED_DEVICE_FAMILY = "1,2";
			};
			name = Debug;
		};
		43E6BD591A18EB1D003096BE /* Release */ = {
			isa = XCBuildConfiguration;
			buildSettings = {
				ALWAYS_SEARCH_USER_PATHS = NO;
				CLANG_CXX_LANGUAGE_STANDARD = "gnu++0x";
				CLANG_CXX_LIBRARY = "libc++";
				CLANG_ENABLE_MODULES = YES;
				CLANG_ENABLE_OBJC_ARC = YES;
				CLANG_WARN_BOOL_CONVERSION = YES;
				CLANG_WARN_CONSTANT_CONVERSION = YES;
				CLANG_WARN_DIRECT_OBJC_ISA_USAGE = YES_ERROR;
				CLANG_WARN_EMPTY_BODY = YES;
				CLANG_WARN_ENUM_CONVERSION = YES;
				CLANG_WARN_INT_CONVERSION = YES;
				CLANG_WARN_OBJC_ROOT_CLASS = YES_ERROR;
				CLANG_WARN_UNREACHABLE_CODE = YES;
				CLANG_WARN__DUPLICATE_METHOD_MATCH = YES;
				"CODE_SIGN_IDENTITY[sdk=iphoneos*]" = "iPhone Developer";
				COPY_PHASE_STRIP = YES;
				ENABLE_NS_ASSERTIONS = NO;
				ENABLE_STRICT_OBJC_MSGSEND = YES;
				GCC_C_LANGUAGE_STANDARD = gnu99;
				GCC_WARN_64_TO_32_BIT_CONVERSION = YES;
				GCC_WARN_ABOUT_RETURN_TYPE = YES_ERROR;
				GCC_WARN_UNDECLARED_SELECTOR = YES;
				GCC_WARN_UNINITIALIZED_AUTOS = YES_AGGRESSIVE;
				GCC_WARN_UNUSED_FUNCTION = YES;
				GCC_WARN_UNUSED_VARIABLE = YES;
				IPHONEOS_DEPLOYMENT_TARGET = 8.1;
				MTL_ENABLE_DEBUG_INFO = NO;
				SDKROOT = iphoneos;
				TARGETED_DEVICE_FAMILY = "1,2";
				VALIDATE_PRODUCT = YES;
			};
			name = Release;
		};
		43E6BD5B1A18EB1D003096BE /* Debug */ = {
			isa = XCBuildConfiguration;
			buildSettings = {
				ASSETCATALOG_COMPILER_APPICON_NAME = AppIcon;
				INFOPLIST_FILE = AppleWatchMenu/Info.plist;
				LD_RUNPATH_SEARCH_PATHS = "$(inherited) @executable_path/Frameworks";
				PRODUCT_NAME = "$(TARGET_NAME)";
			};
			name = Debug;
		};
		43E6BD5C1A18EB1D003096BE /* Release */ = {
			isa = XCBuildConfiguration;
			buildSettings = {
				ASSETCATALOG_COMPILER_APPICON_NAME = AppIcon;
				INFOPLIST_FILE = AppleWatchMenu/Info.plist;
				LD_RUNPATH_SEARCH_PATHS = "$(inherited) @executable_path/Frameworks";
				PRODUCT_NAME = "$(TARGET_NAME)";
			};
			name = Release;
		};
		43E6BD5E1A18EB1D003096BE /* Debug */ = {
			isa = XCBuildConfiguration;
			buildSettings = {
				BUNDLE_LOADER = "$(TEST_HOST)";
				FRAMEWORK_SEARCH_PATHS = (
					"$(SDKROOT)/Developer/Library/Frameworks",
					"$(inherited)",
				);
				GCC_PREPROCESSOR_DEFINITIONS = (
					"DEBUG=1",
					"$(inherited)",
				);
				INFOPLIST_FILE = AppleWatchMenuTests/Info.plist;
				LD_RUNPATH_SEARCH_PATHS = "$(inherited) @executable_path/Frameworks @loader_path/Frameworks";
				PRODUCT_NAME = "$(TARGET_NAME)";
				TEST_HOST = "$(BUILT_PRODUCTS_DIR)/AppleWatchMenu.app/AppleWatchMenu";
			};
			name = Debug;
		};
		43E6BD5F1A18EB1D003096BE /* Release */ = {
			isa = XCBuildConfiguration;
			buildSettings = {
				BUNDLE_LOADER = "$(TEST_HOST)";
				FRAMEWORK_SEARCH_PATHS = (
					"$(SDKROOT)/Developer/Library/Frameworks",
					"$(inherited)",
				);
				INFOPLIST_FILE = AppleWatchMenuTests/Info.plist;
				LD_RUNPATH_SEARCH_PATHS = "$(inherited) @executable_path/Frameworks @loader_path/Frameworks";
				PRODUCT_NAME = "$(TARGET_NAME)";
				TEST_HOST = "$(BUILT_PRODUCTS_DIR)/AppleWatchMenu.app/AppleWatchMenu";
			};
			name = Release;
		};
/* End XCBuildConfiguration section */

/* Begin XCConfigurationList section */
		43E6BD361A18EB1D003096BE /* Build configuration list for PBXProject "AppleWatchMenu" */ = {
			isa = XCConfigurationList;
			buildConfigurations = (
				43E6BD581A18EB1D003096BE /* Debug */,
				43E6BD591A18EB1D003096BE /* Release */,
			);
			defaultConfigurationIsVisible = 0;
			defaultConfigurationName = Release;
		};
		43E6BD5A1A18EB1D003096BE /* Build configuration list for PBXNativeTarget "AppleWatchMenu" */ = {
			isa = XCConfigurationList;
			buildConfigurations = (
				43E6BD5B1A18EB1D003096BE /* Debug */,
				43E6BD5C1A18EB1D003096BE /* Release */,
			);
			defaultConfigurationIsVisible = 0;
			defaultConfigurationName = Release;
		};
		43E6BD5D1A18EB1D003096BE /* Build configuration list for PBXNativeTarget "AppleWatchMenuTests" */ = {
			isa = XCConfigurationList;
			buildConfigurations = (
				43E6BD5E1A18EB1D003096BE /* Debug */,
				43E6BD5F1A18EB1D003096BE /* Release */,
			);
			defaultConfigurationIsVisible = 0;
			defaultConfigurationName = Release;
		};
/* End XCConfigurationList section */
	};
	rootObject = 43E6BD331A18EB1D003096BE /* Project object */;
}
